
Microsoft Visual Studio Solution File, Format Version 12.00
# Visual Studio Version 17
VisualStudioVersion = 17.1.32328.378
MinimumVisualStudioVersion = 10.0.40219.1
Project("{8BC9CEB8-8B4A-11D0-8D11-00A0C91BC942}") = "TD1_1", "TD1_1.vcxproj", "{F0A64BC8-EA06-4D4D-9CDE-96114FAC72B1}"
EndProject
Global
	GlobalSection(SolutionConfigurationPlatforms) = preSolution
		Debug|x64 = Debug|x64
		Release|x64 = Release|x64
	EndGlobalSection
	GlobalSection(ProjectConfigurationPlatforms) = postSolution
		{F0A64BC8-EA06-4D4D-9CDE-96114FAC72B1}.Debug|x64.ActiveCfg = Debug|x64
		{F0A64BC8-EA06-4D4D-9CDE-96114FAC72B1}.Debug|x64.Build.0 = Debug|x64
		{F0A64BC8-EA06-4D4D-9CDE-96114FAC72B1}.Release|x64.ActiveCfg = Release|x64
		{F0A64BC8-EA06-4D4D-9CDE-96114FAC72B1}.Release|x64.Build.0 = Release|x64
	EndGlobalSection
	GlobalSection(SolutionProperties) = preSolution
		HideSolutionNode = FALSE
	EndGlobalSection
	GlobalSection(ExtensibilityGlobals) = postSolution
		SolutionGuid = {D24FE181-FE23-4D05-803F-E0BE57311155}
	EndGlobalSection
EndGlobal
